
Microsoft Visual Studio Solution File, Format Version 12.00
# Visual Studio Version 16
VisualStudioVersion = 16.0.31911.196
MinimumVisualStudioVersion = 10.0.40219.1
Project("{2150E333-8FDC-42A3-9474-1A3956D46DE8}") = "Services", "Services", "{6C8842C0-1926-4D1D-A742-175CCED6F2E2}"
EndProject
Project("{2150E333-8FDC-42A3-9474-1A3956D46DE8}") = "Catalog", "Catalog", "{4CDA65F1-1B8C-4B55-833A-41B464EB5FEE}"
EndProject
Project("{9A19103F-16F7-4668-BE54-9A1E7A4F7556}") = "Catalog.API", "Services\Catalog\Catalog.API\Catalog.API.csproj", "{B84F2EFC-0D3F-4331-8AD7-DDA98041B3A9}"
EndProject
Project("{E53339B2-1760-4266-BCC7-CA923CBCF16C}") = "docker-compose", "docker-compose.dcproj", "{1995979E-D8A7-469F-8C83-ADE9EE6E5844}"
EndProject
Project("{2150E333-8FDC-42A3-9474-1A3956D46DE8}") = "Basket", "Basket", "{69E2B1E2-B218-4E98-AF0E-A8542E9E4EEC}"
EndProject
Project("{9A19103F-16F7-4668-BE54-9A1E7A4F7556}") = "Basket.API", "Services\Basket\Basket.API\Basket.API.csproj", "{319D1D4A-2195-4443-9FD9-B1B0FBBF135B}"
EndProject
Project("{2150E333-8FDC-42A3-9474-1A3956D46DE8}") = "Discount", "Discount", "{063D6D1E-B1FB-401C-BDC0-2A2ECD2FDFA7}"
EndProject
Project("{9A19103F-16F7-4668-BE54-9A1E7A4F7556}") = "Discount.API", "Services\Discount\Discount.API\Discount.API.csproj", "{943320BF-AC24-4608-B5DB-82F04A6B2683}"
EndProject
Project("{9A19103F-16F7-4668-BE54-9A1E7A4F7556}") = "Discount.Grpc", "Services\Discount\Discount.Grpc\Discount.Grpc.csproj", "{66B68CE8-0692-44EA-810C-276D44E6ED67}"
EndProject
Project("{2150E333-8FDC-42A3-9474-1A3956D46DE8}") = "Ordering", "Ordering", "{15B55DAB-607C-4A1E-9C4E-F36DC040A480}"
EndProject
Project("{FAE04EC0-301F-11D3-BF4B-00C04F79EFBC}") = "Ordering.API", "Services\Ordering\Ordering.API\Ordering.API.csproj", "{F76B2217-9F1A-473E-A747-CF8517185EDE}"
EndProject
Project("{FAE04EC0-301F-11D3-BF4B-00C04F79EFBC}") = "Ordering.Domain", "Services\Ordering\Ordering.Domain\Ordering.Domain.csproj", "{8B9FBA84-E56F-4C67-AB4F-8DA2AC89B546}"
EndProject
Project("{FAE04EC0-301F-11D3-BF4B-00C04F79EFBC}") = "Ordering.Application", "Services\Ordering\Ordering.Application\Ordering.Application.csproj", "{93F3E059-74DE-456D-A1AD-E400CBEFC735}"
EndProject
Project("{FAE04EC0-301F-11D3-BF4B-00C04F79EFBC}") = "Ordering.Infrastructure", "Services\Ordering\Ordering.Infrastructure\Ordering.Infrastructure.csproj", "{94B99D0D-1E06-4476-B831-9A294A61DFA9}"
EndProject
Global
	GlobalSection(SolutionConfigurationPlatforms) = preSolution
		Debug|Any CPU = Debug|Any CPU
		Release|Any CPU = Release|Any CPU
	EndGlobalSection
	GlobalSection(ProjectConfigurationPlatforms) = postSolution
		{B84F2EFC-0D3F-4331-8AD7-DDA98041B3A9}.Debug|Any CPU.ActiveCfg = Debug|Any CPU
		{B84F2EFC-0D3F-4331-8AD7-DDA98041B3A9}.Debug|Any CPU.Build.0 = Debug|Any CPU
		{B84F2EFC-0D3F-4331-8AD7-DDA98041B3A9}.Release|Any CPU.ActiveCfg = Release|Any CPU
		{B84F2EFC-0D3F-4331-8AD7-DDA98041B3A9}.Release|Any CPU.Build.0 = Release|Any CPU
		{1995979E-D8A7-469F-8C83-ADE9EE6E5844}.Debug|Any CPU.ActiveCfg = Debug|Any CPU
		{1995979E-D8A7-469F-8C83-ADE9EE6E5844}.Debug|Any CPU.Build.0 = Debug|Any CPU
		{1995979E-D8A7-469F-8C83-ADE9EE6E5844}.Release|Any CPU.ActiveCfg = Release|Any CPU
		{1995979E-D8A7-469F-8C83-ADE9EE6E5844}.Release|Any CPU.Build.0 = Release|Any CPU
		{319D1D4A-2195-4443-9FD9-B1B0FBBF135B}.Debug|Any CPU.ActiveCfg = Debug|Any CPU
		{319D1D4A-2195-4443-9FD9-B1B0FBBF135B}.Debug|Any CPU.Build.0 = Debug|Any CPU
		{319D1D4A-2195-4443-9FD9-B1B0FBBF135B}.Release|Any CPU.ActiveCfg = Release|Any CPU
		{319D1D4A-2195-4443-9FD9-B1B0FBBF135B}.Release|Any CPU.Build.0 = Release|Any CPU
		{943320BF-AC24-4608-B5DB-82F04A6B2683}.Debug|Any CPU.ActiveCfg = Debug|Any CPU
		{943320BF-AC24-4608-B5DB-82F04A6B2683}.Debug|Any CPU.Build.0 = Debug|Any CPU
		{943320BF-AC24-4608-B5DB-82F04A6B2683}.Release|Any CPU.ActiveCfg = Release|Any CPU
		{943320BF-AC24-4608-B5DB-82F04A6B2683}.Release|Any CPU.Build.0 = Release|Any CPU
		{66B68CE8-0692-44EA-810C-276D44E6ED67}.Debug|Any CPU.ActiveCfg = Debug|Any CPU
		{66B68CE8-0692-44EA-810C-276D44E6ED67}.Debug|Any CPU.Build.0 = Debug|Any CPU
		{66B68CE8-0692-44EA-810C-276D44E6ED67}.Release|Any CPU.ActiveCfg = Release|Any CPU
		{66B68CE8-0692-44EA-810C-276D44E6ED67}.Release|Any CPU.Build.0 = Release|Any CPU
		{F76B2217-9F1A-473E-A747-CF8517185EDE}.Debug|Any CPU.ActiveCfg = Debug|Any CPU
		{F76B2217-9F1A-473E-A747-CF8517185EDE}.Debug|Any CPU.Build.0 = Debug|Any CPU
		{F76B2217-9F1A-473E-A747-CF8517185EDE}.Release|Any CPU.ActiveCfg = Release|Any CPU
		{F76B2217-9F1A-473E-A747-CF8517185EDE}.Release|Any CPU.Build.0 = Release|Any CPU
		{8B9FBA84-E56F-4C67-AB4F-8DA2AC89B546}.Debug|Any CPU.ActiveCfg = Debug|Any CPU
		{8B9FBA84-E56F-4C67-AB4F-8DA2AC89B546}.Debug|Any CPU.Build.0 = Debug|Any CPU
		{8B9FBA84-E56F-4C67-AB4F-8DA2AC89B546}.Release|Any CPU.ActiveCfg = Release|Any CPU
		{8B9FBA84-E56F-4C67-AB4F-8DA2AC89B546}.Release|Any CPU.Build.0 = Release|Any CPU
		{93F3E059-74DE-456D-A1AD-E400CBEFC735}.Debug|Any CPU.ActiveCfg = Debug|Any CPU
		{93F3E059-74DE-456D-A1AD-E400CBEFC735}.Debug|Any CPU.Build.0 = Debug|Any CPU
		{93F3E059-74DE-456D-A1AD-E400CBEFC735}.Release|Any CPU.ActiveCfg = Release|Any CPU
		{93F3E059-74DE-456D-A1AD-E400CBEFC735}.Release|Any CPU.Build.0 = Release|Any CPU
		{94B99D0D-1E06-4476-B831-9A294A61DFA9}.Debug|Any CPU.ActiveCfg = Debug|Any CPU
		{94B99D0D-1E06-4476-B831-9A294A61DFA9}.Debug|Any CPU.Build.0 = Debug|Any CPU
		{94B99D0D-1E06-4476-B831-9A294A61DFA9}.Release|Any CPU.ActiveCfg = Release|Any CPU
		{94B99D0D-1E06-4476-B831-9A294A61DFA9}.Release|Any CPU.Build.0 = Release|Any CPU
	EndGlobalSection
	GlobalSection(SolutionProperties) = preSolution
		HideSolutionNode = FALSE
	EndGlobalSection
	GlobalSection(NestedProjects) = preSolution
		{4CDA65F1-1B8C-4B55-833A-41B464EB5FEE} = {6C8842C0-1926-4D1D-A742-175CCED6F2E2}
		{B84F2EFC-0D3F-4331-8AD7-DDA98041B3A9} = {4CDA65F1-1B8C-4B55-833A-41B464EB5FEE}
		{69E2B1E2-B218-4E98-AF0E-A8542E9E4EEC} = {6C8842C0-1926-4D1D-A742-175CCED6F2E2}
		{319D1D4A-2195-4443-9FD9-B1B0FBBF135B} = {69E2B1E2-B218-4E98-AF0E-A8542E9E4EEC}
		{063D6D1E-B1FB-401C-BDC0-2A2ECD2FDFA7} = {6C8842C0-1926-4D1D-A742-175CCED6F2E2}
		{943320BF-AC24-4608-B5DB-82F04A6B2683} = {063D6D1E-B1FB-401C-BDC0-2A2ECD2FDFA7}
		{66B68CE8-0692-44EA-810C-276D44E6ED67} = {063D6D1E-B1FB-401C-BDC0-2A2ECD2FDFA7}
		{15B55DAB-607C-4A1E-9C4E-F36DC040A480} = {6C8842C0-1926-4D1D-A742-175CCED6F2E2}
		{F76B2217-9F1A-473E-A747-CF8517185EDE} = {15B55DAB-607C-4A1E-9C4E-F36DC040A480}
		{8B9FBA84-E56F-4C67-AB4F-8DA2AC89B546} = {15B55DAB-607C-4A1E-9C4E-F36DC040A480}
		{93F3E059-74DE-456D-A1AD-E400CBEFC735} = {15B55DAB-607C-4A1E-9C4E-F36DC040A480}
		{94B99D0D-1E06-4476-B831-9A294A61DFA9} = {15B55DAB-607C-4A1E-9C4E-F36DC040A480}
	EndGlobalSection
	GlobalSection(ExtensibilityGlobals) = postSolution
		SolutionGuid = {95822786-0E67-4DF8-8A29-34A514161D97}
	EndGlobalSection
EndGlobal
