
Microsoft Visual Studio Solution File, Format Version 12.00
# Visual Studio Version 16
VisualStudioVersion = 16.0.31911.196
MinimumVisualStudioVersion = 10.0.40219.1
Project("{2150E333-8FDC-42A3-9474-1A3956D46DE8}") = "Services", "Services", "{6C8842C0-1926-4D1D-A742-175CCED6F2E2}"
EndProject
Project("{2150E333-8FDC-42A3-9474-1A3956D46DE8}") = "Catalog", "Catalog", "{4CDA65F1-1B8C-4B55-833A-41B464EB5FEE}"
EndProject
Project("{FAE04EC0-301F-11D3-BF4B-00C04F79EFBC}") = "Catalog.API", "Services\Catalog\Catalog.API\Catalog.API.csproj", "{B84F2EFC-0D3F-4331-8AD7-DDA98041B3A9}"
EndProject
Global
	GlobalSection(SolutionConfigurationPlatforms) = preSolution
		Debug|Any CPU = Debug|Any CPU
		Release|Any CPU = Release|Any CPU
	EndGlobalSection
	GlobalSection(ProjectConfigurationPlatforms) = postSolution
		{B84F2EFC-0D3F-4331-8AD7-DDA98041B3A9}.Debug|Any CPU.ActiveCfg = Debug|Any CPU
		{B84F2EFC-0D3F-4331-8AD7-DDA98041B3A9}.Debug|Any CPU.Build.0 = Debug|Any CPU
		{B84F2EFC-0D3F-4331-8AD7-DDA98041B3A9}.Release|Any CPU.ActiveCfg = Release|Any CPU
		{B84F2EFC-0D3F-4331-8AD7-DDA98041B3A9}.Release|Any CPU.Build.0 = Release|Any CPU
	EndGlobalSection
	GlobalSection(SolutionProperties) = preSolution
		HideSolutionNode = FALSE
	EndGlobalSection
	GlobalSection(NestedProjects) = preSolution
		{4CDA65F1-1B8C-4B55-833A-41B464EB5FEE} = {6C8842C0-1926-4D1D-A742-175CCED6F2E2}
		{B84F2EFC-0D3F-4331-8AD7-DDA98041B3A9} = {4CDA65F1-1B8C-4B55-833A-41B464EB5FEE}
	EndGlobalSection
	GlobalSection(ExtensibilityGlobals) = postSolution
		SolutionGuid = {95822786-0E67-4DF8-8A29-34A514161D97}
	EndGlobalSection
EndGlobal
